
Microsoft Visual Studio Solution File, Format Version 12.00
# Visual Studio Version 16
VisualStudioVersion = 16.0.32106.194
MinimumVisualStudioVersion = 10.0.40219.1
Project("{FAE04EC0-301F-11D3-BF4B-00C04F79EFBC}") = "Test", "Test\Test.csproj", "{7B05B4A9-D210-4886-B633-5D9157D9C428}"
EndProject
Project("{FAE04EC0-301F-11D3-BF4B-00C04F79EFBC}") = "test2", "test2\test2.csproj", "{10003A87-AC8C-4D74-BA16-B8E472C9CF3B}"
EndProject
Project("{FAE04EC0-301F-11D3-BF4B-00C04F79EFBC}") = "test3", "test3\test3.csproj", "{3CEF7044-4700-4250-BBA5-FFE63C5AA342}"
EndProject
Project("{FAE04EC0-301F-11D3-BF4B-00C04F79EFBC}") = "test4", "test4\test4.csproj", "{5C459F4D-2015-4F26-8EF1-12F4FD8F844C}"
EndProject
Project("{FAE04EC0-301F-11D3-BF4B-00C04F79EFBC}") = "test5", "test5\test5.csproj", "{4DAC099F-D60E-47F9-AD30-6A4CC92690DC}"
EndProject
Project("{FAE04EC0-301F-11D3-BF4B-00C04F79EFBC}") = "test18108", "test18108\test18108.csproj", "{1D95E7A9-B2D5-4881-93A8-528145FD4883}"
EndProject
Project("{FAE04EC0-301F-11D3-BF4B-00C04F79EFBC}") = "test3003", "test3003\test3003.csproj", "{39C30088-05D5-415B-A00D-5B891BE2B903}"
EndProject
Project("{FAE04EC0-301F-11D3-BF4B-00C04F79EFBC}") = "test10430", "test10430\test10430.csproj", "{51055D7B-6606-4155-B557-3E28CC323DF0}"
EndProject
Project("{FAE04EC0-301F-11D3-BF4B-00C04F79EFBC}") = "test2588", "test2588\test2588.csproj", "{E1D8369B-A6EA-4022-BF2C-78AB6D52AF47}"
EndProject
Project("{FAE04EC0-301F-11D3-BF4B-00C04F79EFBC}") = "test10171", "test10171\test10171.csproj", "{3A944F19-9E62-4315-AD46-572ED63202E0}"
EndProject
Project("{FAE04EC0-301F-11D3-BF4B-00C04F79EFBC}") = "test10172", "test10172\test10172.csproj", "{F0614442-B5F9-4989-8469-23BCED1876F6}"
EndProject
Project("{FAE04EC0-301F-11D3-BF4B-00C04F79EFBC}") = "test25083", "test25083\test25083.csproj", "{73872485-5F32-43C3-B27E-059FB08AD5E1}"
EndProject
Project("{FAE04EC0-301F-11D3-BF4B-00C04F79EFBC}") = "test1330", "test1330\test1330.csproj", "{3A4DFCE1-8CA6-4347-9CC7-28EA6CBAB304}"
EndProject
Project("{FAE04EC0-301F-11D3-BF4B-00C04F79EFBC}") = "test9498", "test9498\test9498.csproj", "{5E3B2F5C-DB21-4FB8-A78F-D30F311187AC}"
EndProject
Project("{FAE04EC0-301F-11D3-BF4B-00C04F79EFBC}") = "test2753", "test2753\test2753.csproj", "{A6E02704-A401-462E-95F6-74B86FD0BB39}"
EndProject
Project("{FAE04EC0-301F-11D3-BF4B-00C04F79EFBC}") = "test14681", "test14681\test14681.csproj", "{DCDF05A6-C442-457F-BECF-D114197A8F36}"
EndProject
Project("{FAE04EC0-301F-11D3-BF4B-00C04F79EFBC}") = "test2884", "test2884\test2884.csproj", "{757490AF-28D5-4BDC-B9D5-644FDE43F30F}"
EndProject
Project("{FAE04EC0-301F-11D3-BF4B-00C04F79EFBC}") = "test2525", "test2525\test2525.csproj", "{BDF3BC90-6835-4562-9558-E3D3D382E043}"
EndProject
Project("{FAE04EC0-301F-11D3-BF4B-00C04F79EFBC}") = "test2480", "test2480\test2480.csproj", "{524438CD-F1AA-4153-AE6B-97FB287B68B0}"
EndProject
Project("{FAE04EC0-301F-11D3-BF4B-00C04F79EFBC}") = "test2739", "test2739\test2739.csproj", "{6E2E5CBA-A20B-493E-A996-E4AB97D0EC98}"
EndProject
Project("{FAE04EC0-301F-11D3-BF4B-00C04F79EFBC}") = "test10950", "test10950\test10950.csproj", "{8E59DCF5-AC95-47E1-9134-67C052D51676}"
EndProject
Project("{FAE04EC0-301F-11D3-BF4B-00C04F79EFBC}") = "test8393", "test8393\test8393.csproj", "{2115D212-0896-498E-8DF9-9880C9A389AB}"
EndProject
Project("{FAE04EC0-301F-11D3-BF4B-00C04F79EFBC}") = "test25304", "test25304\test25304.csproj", "{B14BFBB7-17A0-4AC6-9E9C-212483B3B0BF}"
EndProject
Project("{FAE04EC0-301F-11D3-BF4B-00C04F79EFBC}") = "test15552", "test15552\test15552.csproj", "{37D246A7-0BBE-42A3-AB57-9BCBAE6875F8}"
EndProject
Project("{FAE04EC0-301F-11D3-BF4B-00C04F79EFBC}") = "test11021", "test11021\test11021.csproj", "{9DDD8448-8FA0-4E15-BC73-2CFDBD449B90}"
EndProject
Project("{FAE04EC0-301F-11D3-BF4B-00C04F79EFBC}") = "test11022", "test11022\test11022.csproj", "{0422818E-C754-4B91-86A9-51D742CA4B6C}"
EndProject
Project("{FAE04EC0-301F-11D3-BF4B-00C04F79EFBC}") = "test2438", "test2438\test2438.csproj", "{857B9757-ED4D-4135-A71C-6B70B574E27F}"
EndProject
Project("{FAE04EC0-301F-11D3-BF4B-00C04F79EFBC}") = "test2439", "test2439\test2439.csproj", "{26B64DBC-AB71-418C-B63E-AAA436AF009B}"
EndProject
Project("{FAE04EC0-301F-11D3-BF4B-00C04F79EFBC}") = "test10871", "test10871\test10871.csproj", "{93D703BC-7E03-4554-AD7C-27D9A8850BEA}"
EndProject
Project("{FAE04EC0-301F-11D3-BF4B-00C04F79EFBC}") = "test10952", "test10952\test10952.csproj", "{992DBC7D-D004-40DD-BE9D-3907379FBD84}"
EndProject
Project("{FAE04EC0-301F-11D3-BF4B-00C04F79EFBC}") = "test10951", "test10951\test10951.csproj", "{01D66BA4-C5B3-419E-BC60-24BE7F973FA2}"
EndProject
Project("{FAE04EC0-301F-11D3-BF4B-00C04F79EFBC}") = "test1110", "test1110\test1110.csproj", "{3BFA2DD7-E6B7-4B1E-9754-CDD0F96785EE}"
EndProject
Project("{FAE04EC0-301F-11D3-BF4B-00C04F79EFBC}") = "test10818", "test10818\test10818.csproj", "{BD317B3D-9EC5-4AEC-9E28-735777D86864}"
EndProject
Project("{FAE04EC0-301F-11D3-BF4B-00C04F79EFBC}") = "test2562", "test2562\test2562.csproj", "{929FE47B-A4BC-4CC7-88A8-554179A3F8E6}"
EndProject
Project("{FAE04EC0-301F-11D3-BF4B-00C04F79EFBC}") = "test3052", "test3052\test3052.csproj", "{2116860A-D709-4083-BA6E-E9CBCD861F0F}"
EndProject
Project("{FAE04EC0-301F-11D3-BF4B-00C04F79EFBC}") = "test1546", "test1546\test1546.csproj", "{5CFB3132-449F-4BC4-A277-05F12D13B82D}"
EndProject
Project("{FAE04EC0-301F-11D3-BF4B-00C04F79EFBC}") = "test8958", "test8958\test8958.csproj", "{937CE66C-6E9A-44AF-8874-88124BF5CF56}"
EndProject
Project("{FAE04EC0-301F-11D3-BF4B-00C04F79EFBC}") = "test4344", "test4344\test4344.csproj", "{F2070BCE-7A94-485E-8D57-E7F946D6C870}"
EndProject
Global
	GlobalSection(SolutionConfigurationPlatforms) = preSolution
		Debug|Any CPU = Debug|Any CPU
		Release|Any CPU = Release|Any CPU
	EndGlobalSection
	GlobalSection(ProjectConfigurationPlatforms) = postSolution
		{7B05B4A9-D210-4886-B633-5D9157D9C428}.Debug|Any CPU.ActiveCfg = Debug|Any CPU
		{7B05B4A9-D210-4886-B633-5D9157D9C428}.Debug|Any CPU.Build.0 = Debug|Any CPU
		{7B05B4A9-D210-4886-B633-5D9157D9C428}.Release|Any CPU.ActiveCfg = Release|Any CPU
		{7B05B4A9-D210-4886-B633-5D9157D9C428}.Release|Any CPU.Build.0 = Release|Any CPU
		{10003A87-AC8C-4D74-BA16-B8E472C9CF3B}.Debug|Any CPU.ActiveCfg = Debug|Any CPU
		{10003A87-AC8C-4D74-BA16-B8E472C9CF3B}.Debug|Any CPU.Build.0 = Debug|Any CPU
		{10003A87-AC8C-4D74-BA16-B8E472C9CF3B}.Release|Any CPU.ActiveCfg = Release|Any CPU
		{10003A87-AC8C-4D74-BA16-B8E472C9CF3B}.Release|Any CPU.Build.0 = Release|Any CPU
		{3CEF7044-4700-4250-BBA5-FFE63C5AA342}.Debug|Any CPU.ActiveCfg = Debug|Any CPU
		{3CEF7044-4700-4250-BBA5-FFE63C5AA342}.Debug|Any CPU.Build.0 = Debug|Any CPU
		{3CEF7044-4700-4250-BBA5-FFE63C5AA342}.Release|Any CPU.ActiveCfg = Release|Any CPU
		{3CEF7044-4700-4250-BBA5-FFE63C5AA342}.Release|Any CPU.Build.0 = Release|Any CPU
		{5C459F4D-2015-4F26-8EF1-12F4FD8F844C}.Debug|Any CPU.ActiveCfg = Debug|Any CPU
		{5C459F4D-2015-4F26-8EF1-12F4FD8F844C}.Debug|Any CPU.Build.0 = Debug|Any CPU
		{5C459F4D-2015-4F26-8EF1-12F4FD8F844C}.Release|Any CPU.ActiveCfg = Release|Any CPU
		{5C459F4D-2015-4F26-8EF1-12F4FD8F844C}.Release|Any CPU.Build.0 = Release|Any CPU
		{4DAC099F-D60E-47F9-AD30-6A4CC92690DC}.Debug|Any CPU.ActiveCfg = Debug|Any CPU
		{4DAC099F-D60E-47F9-AD30-6A4CC92690DC}.Debug|Any CPU.Build.0 = Debug|Any CPU
		{4DAC099F-D60E-47F9-AD30-6A4CC92690DC}.Release|Any CPU.ActiveCfg = Release|Any CPU
		{4DAC099F-D60E-47F9-AD30-6A4CC92690DC}.Release|Any CPU.Build.0 = Release|Any CPU
		{1D95E7A9-B2D5-4881-93A8-528145FD4883}.Debug|Any CPU.ActiveCfg = Debug|Any CPU
		{1D95E7A9-B2D5-4881-93A8-528145FD4883}.Debug|Any CPU.Build.0 = Debug|Any CPU
		{1D95E7A9-B2D5-4881-93A8-528145FD4883}.Release|Any CPU.ActiveCfg = Release|Any CPU
		{1D95E7A9-B2D5-4881-93A8-528145FD4883}.Release|Any CPU.Build.0 = Release|Any CPU
		{39C30088-05D5-415B-A00D-5B891BE2B903}.Debug|Any CPU.ActiveCfg = Debug|Any CPU
		{39C30088-05D5-415B-A00D-5B891BE2B903}.Debug|Any CPU.Build.0 = Debug|Any CPU
		{39C30088-05D5-415B-A00D-5B891BE2B903}.Release|Any CPU.ActiveCfg = Release|Any CPU
		{39C30088-05D5-415B-A00D-5B891BE2B903}.Release|Any CPU.Build.0 = Release|Any CPU
		{51055D7B-6606-4155-B557-3E28CC323DF0}.Debug|Any CPU.ActiveCfg = Debug|Any CPU
		{51055D7B-6606-4155-B557-3E28CC323DF0}.Debug|Any CPU.Build.0 = Debug|Any CPU
		{51055D7B-6606-4155-B557-3E28CC323DF0}.Release|Any CPU.ActiveCfg = Release|Any CPU
		{51055D7B-6606-4155-B557-3E28CC323DF0}.Release|Any CPU.Build.0 = Release|Any CPU
		{E1D8369B-A6EA-4022-BF2C-78AB6D52AF47}.Debug|Any CPU.ActiveCfg = Debug|Any CPU
		{E1D8369B-A6EA-4022-BF2C-78AB6D52AF47}.Debug|Any CPU.Build.0 = Debug|Any CPU
		{E1D8369B-A6EA-4022-BF2C-78AB6D52AF47}.Release|Any CPU.ActiveCfg = Release|Any CPU
		{E1D8369B-A6EA-4022-BF2C-78AB6D52AF47}.Release|Any CPU.Build.0 = Release|Any CPU
		{3A944F19-9E62-4315-AD46-572ED63202E0}.Debug|Any CPU.ActiveCfg = Debug|Any CPU
		{3A944F19-9E62-4315-AD46-572ED63202E0}.Debug|Any CPU.Build.0 = Debug|Any CPU
		{3A944F19-9E62-4315-AD46-572ED63202E0}.Release|Any CPU.ActiveCfg = Release|Any CPU
		{3A944F19-9E62-4315-AD46-572ED63202E0}.Release|Any CPU.Build.0 = Release|Any CPU
		{F0614442-B5F9-4989-8469-23BCED1876F6}.Debug|Any CPU.ActiveCfg = Debug|Any CPU
		{F0614442-B5F9-4989-8469-23BCED1876F6}.Debug|Any CPU.Build.0 = Debug|Any CPU
		{F0614442-B5F9-4989-8469-23BCED1876F6}.Release|Any CPU.ActiveCfg = Release|Any CPU
		{F0614442-B5F9-4989-8469-23BCED1876F6}.Release|Any CPU.Build.0 = Release|Any CPU
		{73872485-5F32-43C3-B27E-059FB08AD5E1}.Debug|Any CPU.ActiveCfg = Debug|Any CPU
		{73872485-5F32-43C3-B27E-059FB08AD5E1}.Debug|Any CPU.Build.0 = Debug|Any CPU
		{73872485-5F32-43C3-B27E-059FB08AD5E1}.Release|Any CPU.ActiveCfg = Release|Any CPU
		{73872485-5F32-43C3-B27E-059FB08AD5E1}.Release|Any CPU.Build.0 = Release|Any CPU
		{3A4DFCE1-8CA6-4347-9CC7-28EA6CBAB304}.Debug|Any CPU.ActiveCfg = Debug|Any CPU
		{3A4DFCE1-8CA6-4347-9CC7-28EA6CBAB304}.Debug|Any CPU.Build.0 = Debug|Any CPU
		{3A4DFCE1-8CA6-4347-9CC7-28EA6CBAB304}.Release|Any CPU.ActiveCfg = Release|Any CPU
		{3A4DFCE1-8CA6-4347-9CC7-28EA6CBAB304}.Release|Any CPU.Build.0 = Release|Any CPU
		{5E3B2F5C-DB21-4FB8-A78F-D30F311187AC}.Debug|Any CPU.ActiveCfg = Debug|Any CPU
		{5E3B2F5C-DB21-4FB8-A78F-D30F311187AC}.Debug|Any CPU.Build.0 = Debug|Any CPU
		{5E3B2F5C-DB21-4FB8-A78F-D30F311187AC}.Release|Any CPU.ActiveCfg = Release|Any CPU
		{5E3B2F5C-DB21-4FB8-A78F-D30F311187AC}.Release|Any CPU.Build.0 = Release|Any CPU
		{A6E02704-A401-462E-95F6-74B86FD0BB39}.Debug|Any CPU.ActiveCfg = Debug|Any CPU
		{A6E02704-A401-462E-95F6-74B86FD0BB39}.Debug|Any CPU.Build.0 = Debug|Any CPU
		{A6E02704-A401-462E-95F6-74B86FD0BB39}.Release|Any CPU.ActiveCfg = Release|Any CPU
		{A6E02704-A401-462E-95F6-74B86FD0BB39}.Release|Any CPU.Build.0 = Release|Any CPU
		{DCDF05A6-C442-457F-BECF-D114197A8F36}.Debug|Any CPU.ActiveCfg = Debug|Any CPU
		{DCDF05A6-C442-457F-BECF-D114197A8F36}.Debug|Any CPU.Build.0 = Debug|Any CPU
		{DCDF05A6-C442-457F-BECF-D114197A8F36}.Release|Any CPU.ActiveCfg = Release|Any CPU
		{DCDF05A6-C442-457F-BECF-D114197A8F36}.Release|Any CPU.Build.0 = Release|Any CPU
		{757490AF-28D5-4BDC-B9D5-644FDE43F30F}.Debug|Any CPU.ActiveCfg = Debug|Any CPU
		{757490AF-28D5-4BDC-B9D5-644FDE43F30F}.Debug|Any CPU.Build.0 = Debug|Any CPU
		{757490AF-28D5-4BDC-B9D5-644FDE43F30F}.Release|Any CPU.ActiveCfg = Release|Any CPU
		{757490AF-28D5-4BDC-B9D5-644FDE43F30F}.Release|Any CPU.Build.0 = Release|Any CPU
		{BDF3BC90-6835-4562-9558-E3D3D382E043}.Debug|Any CPU.ActiveCfg = Debug|Any CPU
		{BDF3BC90-6835-4562-9558-E3D3D382E043}.Debug|Any CPU.Build.0 = Debug|Any CPU
		{BDF3BC90-6835-4562-9558-E3D3D382E043}.Release|Any CPU.ActiveCfg = Release|Any CPU
		{BDF3BC90-6835-4562-9558-E3D3D382E043}.Release|Any CPU.Build.0 = Release|Any CPU
		{524438CD-F1AA-4153-AE6B-97FB287B68B0}.Debug|Any CPU.ActiveCfg = Debug|Any CPU
		{524438CD-F1AA-4153-AE6B-97FB287B68B0}.Debug|Any CPU.Build.0 = Debug|Any CPU
		{524438CD-F1AA-4153-AE6B-97FB287B68B0}.Release|Any CPU.ActiveCfg = Release|Any CPU
		{524438CD-F1AA-4153-AE6B-97FB287B68B0}.Release|Any CPU.Build.0 = Release|Any CPU
		{6E2E5CBA-A20B-493E-A996-E4AB97D0EC98}.Debug|Any CPU.ActiveCfg = Debug|Any CPU
		{6E2E5CBA-A20B-493E-A996-E4AB97D0EC98}.Debug|Any CPU.Build.0 = Debug|Any CPU
		{6E2E5CBA-A20B-493E-A996-E4AB97D0EC98}.Release|Any CPU.ActiveCfg = Release|Any CPU
		{6E2E5CBA-A20B-493E-A996-E4AB97D0EC98}.Release|Any CPU.Build.0 = Release|Any CPU
		{8E59DCF5-AC95-47E1-9134-67C052D51676}.Debug|Any CPU.ActiveCfg = Debug|Any CPU
		{8E59DCF5-AC95-47E1-9134-67C052D51676}.Debug|Any CPU.Build.0 = Debug|Any CPU
		{8E59DCF5-AC95-47E1-9134-67C052D51676}.Release|Any CPU.ActiveCfg = Release|Any CPU
		{8E59DCF5-AC95-47E1-9134-67C052D51676}.Release|Any CPU.Build.0 = Release|Any CPU
		{2115D212-0896-498E-8DF9-9880C9A389AB}.Debug|Any CPU.ActiveCfg = Debug|Any CPU
		{2115D212-0896-498E-8DF9-9880C9A389AB}.Debug|Any CPU.Build.0 = Debug|Any CPU
		{2115D212-0896-498E-8DF9-9880C9A389AB}.Release|Any CPU.ActiveCfg = Release|Any CPU
		{2115D212-0896-498E-8DF9-9880C9A389AB}.Release|Any CPU.Build.0 = Release|Any CPU
		{B14BFBB7-17A0-4AC6-9E9C-212483B3B0BF}.Debug|Any CPU.ActiveCfg = Debug|Any CPU
		{B14BFBB7-17A0-4AC6-9E9C-212483B3B0BF}.Debug|Any CPU.Build.0 = Debug|Any CPU
		{B14BFBB7-17A0-4AC6-9E9C-212483B3B0BF}.Release|Any CPU.ActiveCfg = Release|Any CPU
		{B14BFBB7-17A0-4AC6-9E9C-212483B3B0BF}.Release|Any CPU.Build.0 = Release|Any CPU
		{37D246A7-0BBE-42A3-AB57-9BCBAE6875F8}.Debug|Any CPU.ActiveCfg = Debug|Any CPU
		{37D246A7-0BBE-42A3-AB57-9BCBAE6875F8}.Debug|Any CPU.Build.0 = Debug|Any CPU
		{37D246A7-0BBE-42A3-AB57-9BCBAE6875F8}.Release|Any CPU.ActiveCfg = Release|Any CPU
		{37D246A7-0BBE-42A3-AB57-9BCBAE6875F8}.Release|Any CPU.Build.0 = Release|Any CPU
		{9DDD8448-8FA0-4E15-BC73-2CFDBD449B90}.Debug|Any CPU.ActiveCfg = Debug|Any CPU
		{9DDD8448-8FA0-4E15-BC73-2CFDBD449B90}.Debug|Any CPU.Build.0 = Debug|Any CPU
		{9DDD8448-8FA0-4E15-BC73-2CFDBD449B90}.Release|Any CPU.ActiveCfg = Release|Any CPU
		{9DDD8448-8FA0-4E15-BC73-2CFDBD449B90}.Release|Any CPU.Build.0 = Release|Any CPU
		{0422818E-C754-4B91-86A9-51D742CA4B6C}.Debug|Any CPU.ActiveCfg = Debug|Any CPU
		{0422818E-C754-4B91-86A9-51D742CA4B6C}.Debug|Any CPU.Build.0 = Debug|Any CPU
		{0422818E-C754-4B91-86A9-51D742CA4B6C}.Release|Any CPU.ActiveCfg = Release|Any CPU
		{0422818E-C754-4B91-86A9-51D742CA4B6C}.Release|Any CPU.Build.0 = Release|Any CPU
		{857B9757-ED4D-4135-A71C-6B70B574E27F}.Debug|Any CPU.ActiveCfg = Debug|Any CPU
		{857B9757-ED4D-4135-A71C-6B70B574E27F}.Debug|Any CPU.Build.0 = Debug|Any CPU
		{857B9757-ED4D-4135-A71C-6B70B574E27F}.Release|Any CPU.ActiveCfg = Release|Any CPU
		{857B9757-ED4D-4135-A71C-6B70B574E27F}.Release|Any CPU.Build.0 = Release|Any CPU
		{26B64DBC-AB71-418C-B63E-AAA436AF009B}.Debug|Any CPU.ActiveCfg = Debug|Any CPU
		{26B64DBC-AB71-418C-B63E-AAA436AF009B}.Debug|Any CPU.Build.0 = Debug|Any CPU
		{26B64DBC-AB71-418C-B63E-AAA436AF009B}.Release|Any CPU.ActiveCfg = Release|Any CPU
		{26B64DBC-AB71-418C-B63E-AAA436AF009B}.Release|Any CPU.Build.0 = Release|Any CPU
		{93D703BC-7E03-4554-AD7C-27D9A8850BEA}.Debug|Any CPU.ActiveCfg = Debug|Any CPU
		{93D703BC-7E03-4554-AD7C-27D9A8850BEA}.Debug|Any CPU.Build.0 = Debug|Any CPU
		{93D703BC-7E03-4554-AD7C-27D9A8850BEA}.Release|Any CPU.ActiveCfg = Release|Any CPU
		{93D703BC-7E03-4554-AD7C-27D9A8850BEA}.Release|Any CPU.Build.0 = Release|Any CPU
		{992DBC7D-D004-40DD-BE9D-3907379FBD84}.Debug|Any CPU.ActiveCfg = Debug|Any CPU
		{992DBC7D-D004-40DD-BE9D-3907379FBD84}.Debug|Any CPU.Build.0 = Debug|Any CPU
		{992DBC7D-D004-40DD-BE9D-3907379FBD84}.Release|Any CPU.ActiveCfg = Release|Any CPU
		{992DBC7D-D004-40DD-BE9D-3907379FBD84}.Release|Any CPU.Build.0 = Release|Any CPU
		{01D66BA4-C5B3-419E-BC60-24BE7F973FA2}.Debug|Any CPU.ActiveCfg = Debug|Any CPU
		{01D66BA4-C5B3-419E-BC60-24BE7F973FA2}.Debug|Any CPU.Build.0 = Debug|Any CPU
		{01D66BA4-C5B3-419E-BC60-24BE7F973FA2}.Release|Any CPU.ActiveCfg = Release|Any CPU
		{01D66BA4-C5B3-419E-BC60-24BE7F973FA2}.Release|Any CPU.Build.0 = Release|Any CPU
		{3BFA2DD7-E6B7-4B1E-9754-CDD0F96785EE}.Debug|Any CPU.ActiveCfg = Debug|Any CPU
		{3BFA2DD7-E6B7-4B1E-9754-CDD0F96785EE}.Debug|Any CPU.Build.0 = Debug|Any CPU
		{3BFA2DD7-E6B7-4B1E-9754-CDD0F96785EE}.Release|Any CPU.ActiveCfg = Release|Any CPU
		{3BFA2DD7-E6B7-4B1E-9754-CDD0F96785EE}.Release|Any CPU.Build.0 = Release|Any CPU
		{BD317B3D-9EC5-4AEC-9E28-735777D86864}.Debug|Any CPU.ActiveCfg = Debug|Any CPU
		{BD317B3D-9EC5-4AEC-9E28-735777D86864}.Debug|Any CPU.Build.0 = Debug|Any CPU
		{BD317B3D-9EC5-4AEC-9E28-735777D86864}.Release|Any CPU.ActiveCfg = Release|Any CPU
		{BD317B3D-9EC5-4AEC-9E28-735777D86864}.Release|Any CPU.Build.0 = Release|Any CPU
		{929FE47B-A4BC-4CC7-88A8-554179A3F8E6}.Debug|Any CPU.ActiveCfg = Debug|Any CPU
		{929FE47B-A4BC-4CC7-88A8-554179A3F8E6}.Debug|Any CPU.Build.0 = Debug|Any CPU
		{929FE47B-A4BC-4CC7-88A8-554179A3F8E6}.Release|Any CPU.ActiveCfg = Release|Any CPU
		{929FE47B-A4BC-4CC7-88A8-554179A3F8E6}.Release|Any CPU.Build.0 = Release|Any CPU
		{2116860A-D709-4083-BA6E-E9CBCD861F0F}.Debug|Any CPU.ActiveCfg = Debug|Any CPU
		{2116860A-D709-4083-BA6E-E9CBCD861F0F}.Debug|Any CPU.Build.0 = Debug|Any CPU
		{2116860A-D709-4083-BA6E-E9CBCD861F0F}.Release|Any CPU.ActiveCfg = Release|Any CPU
		{2116860A-D709-4083-BA6E-E9CBCD861F0F}.Release|Any CPU.Build.0 = Release|Any CPU
		{5CFB3132-449F-4BC4-A277-05F12D13B82D}.Debug|Any CPU.ActiveCfg = Debug|Any CPU
		{5CFB3132-449F-4BC4-A277-05F12D13B82D}.Debug|Any CPU.Build.0 = Debug|Any CPU
		{5CFB3132-449F-4BC4-A277-05F12D13B82D}.Release|Any CPU.ActiveCfg = Release|Any CPU
		{5CFB3132-449F-4BC4-A277-05F12D13B82D}.Release|Any CPU.Build.0 = Release|Any CPU
		{937CE66C-6E9A-44AF-8874-88124BF5CF56}.Debug|Any CPU.ActiveCfg = Debug|Any CPU
		{937CE66C-6E9A-44AF-8874-88124BF5CF56}.Debug|Any CPU.Build.0 = Debug|Any CPU
		{937CE66C-6E9A-44AF-8874-88124BF5CF56}.Release|Any CPU.ActiveCfg = Release|Any CPU
		{937CE66C-6E9A-44AF-8874-88124BF5CF56}.Release|Any CPU.Build.0 = Release|Any CPU
		{F2070BCE-7A94-485E-8D57-E7F946D6C870}.Debug|Any CPU.ActiveCfg = Debug|Any CPU
		{F2070BCE-7A94-485E-8D57-E7F946D6C870}.Debug|Any CPU.Build.0 = Debug|Any CPU
		{F2070BCE-7A94-485E-8D57-E7F946D6C870}.Release|Any CPU.ActiveCfg = Release|Any CPU
		{F2070BCE-7A94-485E-8D57-E7F946D6C870}.Release|Any CPU.Build.0 = Release|Any CPU
	EndGlobalSection
	GlobalSection(SolutionProperties) = preSolution
		HideSolutionNode = FALSE
	EndGlobalSection
	GlobalSection(ExtensibilityGlobals) = postSolution
		SolutionGuid = {57C47356-5581-4A66-A22C-9874C8D816AE}
	EndGlobalSection
EndGlobal
