
Microsoft Visual Studio Solution File, Format Version 12.00
# Visual Studio Version 16
VisualStudioVersion = 16.0.32106.194
MinimumVisualStudioVersion = 10.0.40219.1
Project("{FAE04EC0-301F-11D3-BF4B-00C04F79EFBC}") = "Test", "Test\Test.csproj", "{7B05B4A9-D210-4886-B633-5D9157D9C428}"
EndProject
Project("{FAE04EC0-301F-11D3-BF4B-00C04F79EFBC}") = "test2", "test2\test2.csproj", "{10003A87-AC8C-4D74-BA16-B8E472C9CF3B}"
EndProject
Project("{FAE04EC0-301F-11D3-BF4B-00C04F79EFBC}") = "test3", "test3\test3.csproj", "{3CEF7044-4700-4250-BBA5-FFE63C5AA342}"
EndProject
Project("{FAE04EC0-301F-11D3-BF4B-00C04F79EFBC}") = "test4", "test4\test4.csproj", "{5C459F4D-2015-4F26-8EF1-12F4FD8F844C}"
EndProject
Project("{FAE04EC0-301F-11D3-BF4B-00C04F79EFBC}") = "test5", "test5\test5.csproj", "{4DAC099F-D60E-47F9-AD30-6A4CC92690DC}"
EndProject
Project("{FAE04EC0-301F-11D3-BF4B-00C04F79EFBC}") = "test18108", "test18108\test18108.csproj", "{1D95E7A9-B2D5-4881-93A8-528145FD4883}"
EndProject
Project("{FAE04EC0-301F-11D3-BF4B-00C04F79EFBC}") = "test3003", "test3003\test3003.csproj", "{39C30088-05D5-415B-A00D-5B891BE2B903}"
EndProject
Project("{FAE04EC0-301F-11D3-BF4B-00C04F79EFBC}") = "test10430", "test10430\test10430.csproj", "{51055D7B-6606-4155-B557-3E28CC323DF0}"
EndProject
Project("{FAE04EC0-301F-11D3-BF4B-00C04F79EFBC}") = "test2588", "test2588\test2588.csproj", "{E1D8369B-A6EA-4022-BF2C-78AB6D52AF47}"
EndProject
Project("{FAE04EC0-301F-11D3-BF4B-00C04F79EFBC}") = "test10171", "test10171\test10171.csproj", "{3A944F19-9E62-4315-AD46-572ED63202E0}"
EndProject
Project("{FAE04EC0-301F-11D3-BF4B-00C04F79EFBC}") = "test10172", "test10172\test10172.csproj", "{F0614442-B5F9-4989-8469-23BCED1876F6}"
EndProject
Project("{FAE04EC0-301F-11D3-BF4B-00C04F79EFBC}") = "test25083", "test25083\test25083.csproj", "{73872485-5F32-43C3-B27E-059FB08AD5E1}"
EndProject
Project("{FAE04EC0-301F-11D3-BF4B-00C04F79EFBC}") = "test1330", "test1330\test1330.csproj", "{3A4DFCE1-8CA6-4347-9CC7-28EA6CBAB304}"
EndProject
Project("{FAE04EC0-301F-11D3-BF4B-00C04F79EFBC}") = "test9498", "test9498\test9498.csproj", "{5E3B2F5C-DB21-4FB8-A78F-D30F311187AC}"
EndProject
Project("{FAE04EC0-301F-11D3-BF4B-00C04F79EFBC}") = "test2753", "test2753\test2753.csproj", "{A6E02704-A401-462E-95F6-74B86FD0BB39}"
EndProject
Project("{FAE04EC0-301F-11D3-BF4B-00C04F79EFBC}") = "test14681", "test14681\test14681.csproj", "{DCDF05A6-C442-457F-BECF-D114197A8F36}"
EndProject
Project("{FAE04EC0-301F-11D3-BF4B-00C04F79EFBC}") = "test2884", "test2884\test2884.csproj", "{757490AF-28D5-4BDC-B9D5-644FDE43F30F}"
EndProject
Global
	GlobalSection(SolutionConfigurationPlatforms) = preSolution
		Debug|Any CPU = Debug|Any CPU
		Release|Any CPU = Release|Any CPU
	EndGlobalSection
	GlobalSection(ProjectConfigurationPlatforms) = postSolution
		{7B05B4A9-D210-4886-B633-5D9157D9C428}.Debug|Any CPU.ActiveCfg = Debug|Any CPU
		{7B05B4A9-D210-4886-B633-5D9157D9C428}.Debug|Any CPU.Build.0 = Debug|Any CPU
		{7B05B4A9-D210-4886-B633-5D9157D9C428}.Release|Any CPU.ActiveCfg = Release|Any CPU
		{7B05B4A9-D210-4886-B633-5D9157D9C428}.Release|Any CPU.Build.0 = Release|Any CPU
		{10003A87-AC8C-4D74-BA16-B8E472C9CF3B}.Debug|Any CPU.ActiveCfg = Debug|Any CPU
		{10003A87-AC8C-4D74-BA16-B8E472C9CF3B}.Debug|Any CPU.Build.0 = Debug|Any CPU
		{10003A87-AC8C-4D74-BA16-B8E472C9CF3B}.Release|Any CPU.ActiveCfg = Release|Any CPU
		{10003A87-AC8C-4D74-BA16-B8E472C9CF3B}.Release|Any CPU.Build.0 = Release|Any CPU
		{3CEF7044-4700-4250-BBA5-FFE63C5AA342}.Debug|Any CPU.ActiveCfg = Debug|Any CPU
		{3CEF7044-4700-4250-BBA5-FFE63C5AA342}.Debug|Any CPU.Build.0 = Debug|Any CPU
		{3CEF7044-4700-4250-BBA5-FFE63C5AA342}.Release|Any CPU.ActiveCfg = Release|Any CPU
		{3CEF7044-4700-4250-BBA5-FFE63C5AA342}.Release|Any CPU.Build.0 = Release|Any CPU
		{5C459F4D-2015-4F26-8EF1-12F4FD8F844C}.Debug|Any CPU.ActiveCfg = Debug|Any CPU
		{5C459F4D-2015-4F26-8EF1-12F4FD8F844C}.Debug|Any CPU.Build.0 = Debug|Any CPU
		{5C459F4D-2015-4F26-8EF1-12F4FD8F844C}.Release|Any CPU.ActiveCfg = Release|Any CPU
		{5C459F4D-2015-4F26-8EF1-12F4FD8F844C}.Release|Any CPU.Build.0 = Release|Any CPU
		{4DAC099F-D60E-47F9-AD30-6A4CC92690DC}.Debug|Any CPU.ActiveCfg = Debug|Any CPU
		{4DAC099F-D60E-47F9-AD30-6A4CC92690DC}.Debug|Any CPU.Build.0 = Debug|Any CPU
		{4DAC099F-D60E-47F9-AD30-6A4CC92690DC}.Release|Any CPU.ActiveCfg = Release|Any CPU
		{4DAC099F-D60E-47F9-AD30-6A4CC92690DC}.Release|Any CPU.Build.0 = Release|Any CPU
		{1D95E7A9-B2D5-4881-93A8-528145FD4883}.Debug|Any CPU.ActiveCfg = Debug|Any CPU
		{1D95E7A9-B2D5-4881-93A8-528145FD4883}.Debug|Any CPU.Build.0 = Debug|Any CPU
		{1D95E7A9-B2D5-4881-93A8-528145FD4883}.Release|Any CPU.ActiveCfg = Release|Any CPU
		{1D95E7A9-B2D5-4881-93A8-528145FD4883}.Release|Any CPU.Build.0 = Release|Any CPU
		{39C30088-05D5-415B-A00D-5B891BE2B903}.Debug|Any CPU.ActiveCfg = Debug|Any CPU
		{39C30088-05D5-415B-A00D-5B891BE2B903}.Debug|Any CPU.Build.0 = Debug|Any CPU
		{39C30088-05D5-415B-A00D-5B891BE2B903}.Release|Any CPU.ActiveCfg = Release|Any CPU
		{39C30088-05D5-415B-A00D-5B891BE2B903}.Release|Any CPU.Build.0 = Release|Any CPU
		{51055D7B-6606-4155-B557-3E28CC323DF0}.Debug|Any CPU.ActiveCfg = Debug|Any CPU
		{51055D7B-6606-4155-B557-3E28CC323DF0}.Debug|Any CPU.Build.0 = Debug|Any CPU
		{51055D7B-6606-4155-B557-3E28CC323DF0}.Release|Any CPU.ActiveCfg = Release|Any CPU
		{51055D7B-6606-4155-B557-3E28CC323DF0}.Release|Any CPU.Build.0 = Release|Any CPU
		{E1D8369B-A6EA-4022-BF2C-78AB6D52AF47}.Debug|Any CPU.ActiveCfg = Debug|Any CPU
		{E1D8369B-A6EA-4022-BF2C-78AB6D52AF47}.Debug|Any CPU.Build.0 = Debug|Any CPU
		{E1D8369B-A6EA-4022-BF2C-78AB6D52AF47}.Release|Any CPU.ActiveCfg = Release|Any CPU
		{E1D8369B-A6EA-4022-BF2C-78AB6D52AF47}.Release|Any CPU.Build.0 = Release|Any CPU
		{3A944F19-9E62-4315-AD46-572ED63202E0}.Debug|Any CPU.ActiveCfg = Debug|Any CPU
		{3A944F19-9E62-4315-AD46-572ED63202E0}.Debug|Any CPU.Build.0 = Debug|Any CPU
		{3A944F19-9E62-4315-AD46-572ED63202E0}.Release|Any CPU.ActiveCfg = Release|Any CPU
		{3A944F19-9E62-4315-AD46-572ED63202E0}.Release|Any CPU.Build.0 = Release|Any CPU
		{F0614442-B5F9-4989-8469-23BCED1876F6}.Debug|Any CPU.ActiveCfg = Debug|Any CPU
		{F0614442-B5F9-4989-8469-23BCED1876F6}.Debug|Any CPU.Build.0 = Debug|Any CPU
		{F0614442-B5F9-4989-8469-23BCED1876F6}.Release|Any CPU.ActiveCfg = Release|Any CPU
		{F0614442-B5F9-4989-8469-23BCED1876F6}.Release|Any CPU.Build.0 = Release|Any CPU
		{73872485-5F32-43C3-B27E-059FB08AD5E1}.Debug|Any CPU.ActiveCfg = Debug|Any CPU
		{73872485-5F32-43C3-B27E-059FB08AD5E1}.Debug|Any CPU.Build.0 = Debug|Any CPU
		{73872485-5F32-43C3-B27E-059FB08AD5E1}.Release|Any CPU.ActiveCfg = Release|Any CPU
		{73872485-5F32-43C3-B27E-059FB08AD5E1}.Release|Any CPU.Build.0 = Release|Any CPU
		{3A4DFCE1-8CA6-4347-9CC7-28EA6CBAB304}.Debug|Any CPU.ActiveCfg = Debug|Any CPU
		{3A4DFCE1-8CA6-4347-9CC7-28EA6CBAB304}.Debug|Any CPU.Build.0 = Debug|Any CPU
		{3A4DFCE1-8CA6-4347-9CC7-28EA6CBAB304}.Release|Any CPU.ActiveCfg = Release|Any CPU
		{3A4DFCE1-8CA6-4347-9CC7-28EA6CBAB304}.Release|Any CPU.Build.0 = Release|Any CPU
		{5E3B2F5C-DB21-4FB8-A78F-D30F311187AC}.Debug|Any CPU.ActiveCfg = Debug|Any CPU
		{5E3B2F5C-DB21-4FB8-A78F-D30F311187AC}.Debug|Any CPU.Build.0 = Debug|Any CPU
		{5E3B2F5C-DB21-4FB8-A78F-D30F311187AC}.Release|Any CPU.ActiveCfg = Release|Any CPU
		{5E3B2F5C-DB21-4FB8-A78F-D30F311187AC}.Release|Any CPU.Build.0 = Release|Any CPU
		{A6E02704-A401-462E-95F6-74B86FD0BB39}.Debug|Any CPU.ActiveCfg = Debug|Any CPU
		{A6E02704-A401-462E-95F6-74B86FD0BB39}.Debug|Any CPU.Build.0 = Debug|Any CPU
		{A6E02704-A401-462E-95F6-74B86FD0BB39}.Release|Any CPU.ActiveCfg = Release|Any CPU
		{A6E02704-A401-462E-95F6-74B86FD0BB39}.Release|Any CPU.Build.0 = Release|Any CPU
		{DCDF05A6-C442-457F-BECF-D114197A8F36}.Debug|Any CPU.ActiveCfg = Debug|Any CPU
		{DCDF05A6-C442-457F-BECF-D114197A8F36}.Debug|Any CPU.Build.0 = Debug|Any CPU
		{DCDF05A6-C442-457F-BECF-D114197A8F36}.Release|Any CPU.ActiveCfg = Release|Any CPU
		{DCDF05A6-C442-457F-BECF-D114197A8F36}.Release|Any CPU.Build.0 = Release|Any CPU
		{757490AF-28D5-4BDC-B9D5-644FDE43F30F}.Debug|Any CPU.ActiveCfg = Debug|Any CPU
		{757490AF-28D5-4BDC-B9D5-644FDE43F30F}.Debug|Any CPU.Build.0 = Debug|Any CPU
		{757490AF-28D5-4BDC-B9D5-644FDE43F30F}.Release|Any CPU.ActiveCfg = Release|Any CPU
		{757490AF-28D5-4BDC-B9D5-644FDE43F30F}.Release|Any CPU.Build.0 = Release|Any CPU
	EndGlobalSection
	GlobalSection(SolutionProperties) = preSolution
		HideSolutionNode = FALSE
	EndGlobalSection
	GlobalSection(ExtensibilityGlobals) = postSolution
		SolutionGuid = {57C47356-5581-4A66-A22C-9874C8D816AE}
	EndGlobalSection
EndGlobal
