
Microsoft Visual Studio Solution File, Format Version 12.00
# Visual Studio Version 16
VisualStudioVersion = 16.0.32106.194
MinimumVisualStudioVersion = 10.0.40219.1
Project("{FAE04EC0-301F-11D3-BF4B-00C04F79EFBC}") = "Test", "Test\Test.csproj", "{7B05B4A9-D210-4886-B633-5D9157D9C428}"
EndProject
Global
	GlobalSection(SolutionConfigurationPlatforms) = preSolution
		Debug|Any CPU = Debug|Any CPU
		Release|Any CPU = Release|Any CPU
	EndGlobalSection
	GlobalSection(ProjectConfigurationPlatforms) = postSolution
		{7B05B4A9-D210-4886-B633-5D9157D9C428}.Debug|Any CPU.ActiveCfg = Debug|Any CPU
		{7B05B4A9-D210-4886-B633-5D9157D9C428}.Debug|Any CPU.Build.0 = Debug|Any CPU
		{7B05B4A9-D210-4886-B633-5D9157D9C428}.Release|Any CPU.ActiveCfg = Release|Any CPU
		{7B05B4A9-D210-4886-B633-5D9157D9C428}.Release|Any CPU.Build.0 = Release|Any CPU
	EndGlobalSection
	GlobalSection(SolutionProperties) = preSolution
		HideSolutionNode = FALSE
	EndGlobalSection
	GlobalSection(ExtensibilityGlobals) = postSolution
		SolutionGuid = {57C47356-5581-4A66-A22C-9874C8D816AE}
	EndGlobalSection
EndGlobal
